
Microsoft Visual Studio Solution File, Format Version 12.00
# Visual Studio Version 17
VisualStudioVersion = 17.4.33103.184
MinimumVisualStudioVersion = 10.0.40219.1
Project("{9A19103F-16F7-4668-BE54-9A1E7A4F7556}") = "bank", "WinFormsApp3\bank.csproj", "{2101AFEB-5337-470B-B6E8-C5E9958ADE32}"
EndProject
Global
	GlobalSection(SolutionConfigurationPlatforms) = preSolution
		Debug|Any CPU = Debug|Any CPU
		Release|Any CPU = Release|Any CPU
	EndGlobalSection
	GlobalSection(ProjectConfigurationPlatforms) = postSolution
		{2101AFEB-5337-470B-B6E8-C5E9958ADE32}.Debug|Any CPU.ActiveCfg = Debug|Any CPU
		{2101AFEB-5337-470B-B6E8-C5E9958ADE32}.Debug|Any CPU.Build.0 = Debug|Any CPU
		{2101AFEB-5337-470B-B6E8-C5E9958ADE32}.Release|Any CPU.ActiveCfg = Release|Any CPU
		{2101AFEB-5337-470B-B6E8-C5E9958ADE32}.Release|Any CPU.Build.0 = Release|Any CPU
	EndGlobalSection
	GlobalSection(SolutionProperties) = preSolution
		HideSolutionNode = FALSE
	EndGlobalSection
	GlobalSection(ExtensibilityGlobals) = postSolution
		SolutionGuid = {84EF657E-BCF2-42B1-A7AF-F632C7C87DBE}
	EndGlobalSection
EndGlobal
